
Microsoft Visual Studio Solution File, Format Version 12.00
# Visual Studio Version 17
VisualStudioVersion = 17.4.33103.184
MinimumVisualStudioVersion = 10.0.40219.1
Project("{9A19103F-16F7-4668-BE54-9A1E7A4F7556}") = "Itan.Database", "Itan.Database\Itan.Database.csproj", "{30AF2E7C-FB95-45EF-ABCE-B8D2480D0071}"
EndProject
Project("{9A19103F-16F7-4668-BE54-9A1E7A4F7556}") = "ImportOpml", "ImportOpml\ImportOpml.csproj", "{E85DD612-C39C-4E12-99CC-FD51AB187EC1}"
EndProject
Project("{9A19103F-16F7-4668-BE54-9A1E7A4F7556}") = "Itan.Functions.Workers", "Itan.Functions.Workers\Itan.Functions.Workers.csproj", "{889E8017-6BEE-4973-A1FF-183D97C008CC}"
EndProject
Project("{9A19103F-16F7-4668-BE54-9A1E7A4F7556}") = "Itan.Api", "Itan.Api\Itan.Api.csproj", "{46159449-4191-455A-8F03-7F9D8950945D}"
EndProject
Project("{9A19103F-16F7-4668-BE54-9A1E7A4F7556}") = "Itan.Core", "Itan.Core\Itan.Core.csproj", "{C91228CD-B27A-418F-8740-AE588499E0FC}"
EndProject
Project("{9A19103F-16F7-4668-BE54-9A1E7A4F7556}") = "Itan.Functions", "Itan.Functions\Itan.Functions.csproj", "{AC1F62D7-6089-4F86-912C-E80C666B0B39}"
EndProject
Project("{9A19103F-16F7-4668-BE54-9A1E7A4F7556}") = "Itan.Common", "Itan.Common\Itan.Common.csproj", "{1DF2BB79-61CB-4BF9-926E-67F78A0039A5}"
EndProject
Project("{9A19103F-16F7-4668-BE54-9A1E7A4F7556}") = "Itan.Wrappers", "Itan.Wrappers\Itan.Wrappers.csproj", "{5A8EACEC-B4EA-478A-9D41-C02073EB4279}"
EndProject
Project("{9A19103F-16F7-4668-BE54-9A1E7A4F7556}") = "Itan.ModuleRegistrator", "Itan.ModuleRegistrator\Itan.ModuleRegistrator.csproj", "{62678962-CAEB-46EF-BAC6-3263FE46C1D9}"
EndProject
Project("{9A19103F-16F7-4668-BE54-9A1E7A4F7556}") = "Itan.TypesGenerator", "Itan.TypesGenerator\Itan.TypesGenerator.csproj", "{E7E4BD98-F9F2-489B-9CC4-9E3FB121E070}"
EndProject
Global
	GlobalSection(SolutionConfigurationPlatforms) = preSolution
		Debug|Any CPU = Debug|Any CPU
		Release|Any CPU = Release|Any CPU
	EndGlobalSection
	GlobalSection(ProjectConfigurationPlatforms) = postSolution
		{30AF2E7C-FB95-45EF-ABCE-B8D2480D0071}.Debug|Any CPU.ActiveCfg = Debug|Any CPU
		{30AF2E7C-FB95-45EF-ABCE-B8D2480D0071}.Debug|Any CPU.Build.0 = Debug|Any CPU
		{30AF2E7C-FB95-45EF-ABCE-B8D2480D0071}.Release|Any CPU.ActiveCfg = Release|Any CPU
		{30AF2E7C-FB95-45EF-ABCE-B8D2480D0071}.Release|Any CPU.Build.0 = Release|Any CPU
		{E85DD612-C39C-4E12-99CC-FD51AB187EC1}.Debug|Any CPU.ActiveCfg = Debug|Any CPU
		{E85DD612-C39C-4E12-99CC-FD51AB187EC1}.Debug|Any CPU.Build.0 = Debug|Any CPU
		{E85DD612-C39C-4E12-99CC-FD51AB187EC1}.Release|Any CPU.ActiveCfg = Release|Any CPU
		{E85DD612-C39C-4E12-99CC-FD51AB187EC1}.Release|Any CPU.Build.0 = Release|Any CPU
		{889E8017-6BEE-4973-A1FF-183D97C008CC}.Debug|Any CPU.ActiveCfg = Debug|Any CPU
		{889E8017-6BEE-4973-A1FF-183D97C008CC}.Debug|Any CPU.Build.0 = Debug|Any CPU
		{889E8017-6BEE-4973-A1FF-183D97C008CC}.Release|Any CPU.ActiveCfg = Release|Any CPU
		{889E8017-6BEE-4973-A1FF-183D97C008CC}.Release|Any CPU.Build.0 = Release|Any CPU
		{46159449-4191-455A-8F03-7F9D8950945D}.Debug|Any CPU.ActiveCfg = Debug|Any CPU
		{46159449-4191-455A-8F03-7F9D8950945D}.Debug|Any CPU.Build.0 = Debug|Any CPU
		{46159449-4191-455A-8F03-7F9D8950945D}.Release|Any CPU.ActiveCfg = Release|Any CPU
		{46159449-4191-455A-8F03-7F9D8950945D}.Release|Any CPU.Build.0 = Release|Any CPU
		{C91228CD-B27A-418F-8740-AE588499E0FC}.Debug|Any CPU.ActiveCfg = Debug|Any CPU
		{C91228CD-B27A-418F-8740-AE588499E0FC}.Debug|Any CPU.Build.0 = Debug|Any CPU
		{C91228CD-B27A-418F-8740-AE588499E0FC}.Release|Any CPU.ActiveCfg = Release|Any CPU
		{C91228CD-B27A-418F-8740-AE588499E0FC}.Release|Any CPU.Build.0 = Release|Any CPU
		{AC1F62D7-6089-4F86-912C-E80C666B0B39}.Debug|Any CPU.ActiveCfg = Debug|Any CPU
		{AC1F62D7-6089-4F86-912C-E80C666B0B39}.Debug|Any CPU.Build.0 = Debug|Any CPU
		{AC1F62D7-6089-4F86-912C-E80C666B0B39}.Release|Any CPU.ActiveCfg = Release|Any CPU
		{AC1F62D7-6089-4F86-912C-E80C666B0B39}.Release|Any CPU.Build.0 = Release|Any CPU
		{D82DF557-31AE-46FC-97D4-906DC61EDAD2}.Debug|Any CPU.ActiveCfg = Debug|Any CPU
		{D82DF557-31AE-46FC-97D4-906DC61EDAD2}.Debug|Any CPU.Build.0 = Debug|Any CPU
		{D82DF557-31AE-46FC-97D4-906DC61EDAD2}.Release|Any CPU.ActiveCfg = Release|Any CPU
		{D82DF557-31AE-46FC-97D4-906DC61EDAD2}.Release|Any CPU.Build.0 = Release|Any CPU
		{1DF2BB79-61CB-4BF9-926E-67F78A0039A5}.Debug|Any CPU.ActiveCfg = Debug|Any CPU
		{1DF2BB79-61CB-4BF9-926E-67F78A0039A5}.Debug|Any CPU.Build.0 = Debug|Any CPU
		{1DF2BB79-61CB-4BF9-926E-67F78A0039A5}.Release|Any CPU.ActiveCfg = Release|Any CPU
		{1DF2BB79-61CB-4BF9-926E-67F78A0039A5}.Release|Any CPU.Build.0 = Release|Any CPU
		{5A8EACEC-B4EA-478A-9D41-C02073EB4279}.Debug|Any CPU.ActiveCfg = Debug|Any CPU
		{5A8EACEC-B4EA-478A-9D41-C02073EB4279}.Debug|Any CPU.Build.0 = Debug|Any CPU
		{5A8EACEC-B4EA-478A-9D41-C02073EB4279}.Release|Any CPU.ActiveCfg = Release|Any CPU
		{5A8EACEC-B4EA-478A-9D41-C02073EB4279}.Release|Any CPU.Build.0 = Release|Any CPU
		{62678962-CAEB-46EF-BAC6-3263FE46C1D9}.Debug|Any CPU.ActiveCfg = Debug|Any CPU
		{62678962-CAEB-46EF-BAC6-3263FE46C1D9}.Debug|Any CPU.Build.0 = Debug|Any CPU
		{62678962-CAEB-46EF-BAC6-3263FE46C1D9}.Release|Any CPU.ActiveCfg = Release|Any CPU
		{62678962-CAEB-46EF-BAC6-3263FE46C1D9}.Release|Any CPU.Build.0 = Release|Any CPU
		{E7E4BD98-F9F2-489B-9CC4-9E3FB121E070}.Debug|Any CPU.ActiveCfg = Debug|Any CPU
		{E7E4BD98-F9F2-489B-9CC4-9E3FB121E070}.Debug|Any CPU.Build.0 = Debug|Any CPU
		{E7E4BD98-F9F2-489B-9CC4-9E3FB121E070}.Release|Any CPU.ActiveCfg = Release|Any CPU
		{E7E4BD98-F9F2-489B-9CC4-9E3FB121E070}.Release|Any CPU.Build.0 = Release|Any CPU
	EndGlobalSection
	GlobalSection(SolutionProperties) = preSolution
		HideSolutionNode = FALSE
	EndGlobalSection
	GlobalSection(ExtensibilityGlobals) = postSolution
		SolutionGuid = {947ABC64-9878-4E7E-A798-703DBDCC8535}
	EndGlobalSection
EndGlobal
