{
  "version": 4,
  "terraform_version": "0.12.28",
  "serial": 174,
  "lineage": "02e93009-9d70-efd7-b210-7d865213130c",
  "outputs": {},
  "resources": [
    {
      "mode": "managed",
      "type": "azuread_application",
      "name": "example",
      "provider": "provider.azuread",
      "instances": [
        {
          "schema_version": 0,
          "attributes": {
            "app_role": [],
            "application_id": "13afb1a0-f5c4-45f7-aba9-0966d1e3f946",
            "available_to_other_tenants": false,
            "group_membership_claims": "",
            "homepage": "https://itan-api2",
            "id": "b19b8ff1-bc55-41e8-a5a4-fed14fd2b005",
            "identifier_uris": [
              "https://isthereanynewscodeblast.onmicrosoft.com/api2"
            ],
            "logout_url": "",
            "name": "itan-api2",
            "oauth2_allow_implicit_flow": false,
            "oauth2_permissions": [
              {
                "admin_consent_description": "application_reader.",
                "admin_consent_display_name": "application_reader",
                "id": "0c25dbd8-749d-40c0-be2f-8a7d4ef24a66",
                "is_enabled": true,
                "type": "User",
                "user_consent_description": "application_reader.",
                "user_consent_display_name": "application_reader",
                "value": "application-writer-2"
              },
              {
                "admin_consent_description": "application_writer.",
                "admin_consent_display_name": "application_writer",
                "id": "4eb11f08-f387-404b-84c3-25fd118f4ed6",
                "is_enabled": true,
                "type": "User",
                "user_consent_description": "application_writer.",
                "user_consent_display_name": "application_writer",
                "value": "application-reader-2"
              }
            ],
            "object_id": "b19b8ff1-bc55-41e8-a5a4-fed14fd2b005",
            "optional_claims": [],
            "owners": [
              "65748239-c3de-4eaf-9379-ef295093119e"
            ],
            "prevent_duplicate_names": false,
            "public_client": false,
            "reply_urls": [],
            "required_resource_access": [],
            "type": "webapp/api"
          },
          "private": "bnVsbA=="
        }
      ]
    },
    {
      "mode": "managed",
      "type": "azuread_application",
      "name": "example-ui",
      "provider": "provider.azuread",
      "instances": [
        {
          "schema_version": 0,
          "attributes": {
            "app_role": [],
            "application_id": "8b02636a-6abb-4ce1-89d1-be7c27a4fbf7",
            "available_to_other_tenants": false,
            "group_membership_claims": "",
            "homepage": "https://itan-ui2",
            "id": "1ec00209-7200-4ec4-aabb-59e685824873",
            "identifier_uris": [
              "https://isthereanynewscodeblast.onmicrosoft.com/ui2"
            ],
            "logout_url": "",
            "name": "itan-ui2",
            "oauth2_allow_implicit_flow": false,
            "oauth2_permissions": [
              {
                "admin_consent_description": "Allow the application to access itan-ui2 on behalf of the signed-in user.",
                "admin_consent_display_name": "Access itan-ui2",
                "id": "31e4e29f-289f-4804-8283-842155994215",
                "is_enabled": true,
                "type": "User",
                "user_consent_description": "Allow the application to access itan-ui2 on your behalf.",
                "user_consent_display_name": "Access itan-ui2",
                "value": "user_impersonation"
              }
            ],
            "object_id": "1ec00209-7200-4ec4-aabb-59e685824873",
            "optional_claims": [],
            "owners": [
              "65748239-c3de-4eaf-9379-ef295093119e"
            ],
            "prevent_duplicate_names": false,
            "public_client": false,
            "reply_urls": [
              "http://localhost:4200"
            ],
            "required_resource_access": [
              {
                "resource_access": [
                  {
                    "id": "0c25dbd8-749d-40c0-be2f-8a7d4ef24a66",
                    "type": "Scope"
                  },
                  {
                    "id": "4eb11f08-f387-404b-84c3-25fd118f4ed6",
                    "type": "Scope"
                  }
                ],
                "resource_app_id": "13afb1a0-f5c4-45f7-aba9-0966d1e3f946"
              }
            ],
            "type": "webapp/api"
          },
          "private": "bnVsbA==",
          "dependencies": [
            "azuread_application.example"
          ]
        }
      ]
    },
    {
      "mode": "managed",
      "type": "azurerm_app_service",
      "name": "itan-app-webapi",
      "provider": "provider.azurerm",
      "instances": [
        {
          "schema_version": 0,
          "attributes": {
            "app_service_plan_id": "/subscriptions/25401b19-7bb7-436c-9fca-bbac0f4eaf95/resourceGroups/itan-west-europe-resource-group/providers/Microsoft.Web/serverfarms/itan_app_service_plan",
            "app_settings": {
              "WEBSITE_NODE_DEFAULT_VERSION": "6.9.1"
            },
            "auth_settings": [
              {
                "active_directory": [],
                "additional_login_params": {},
                "allowed_external_redirect_urls": [],
                "default_provider": "",
                "enabled": false,
                "facebook": [],
                "google": [],
                "issuer": "",
                "microsoft": [],
                "runtime_version": "",
                "token_refresh_extension_hours": 0,
                "token_store_enabled": false,
                "twitter": [],
                "unauthenticated_client_action": ""
              }
            ],
            "backup": [],
            "client_affinity_enabled": false,
            "client_cert_enabled": false,
            "connection_string": [],
            "default_site_hostname": "itan-app-webapi.azurewebsites.net",
            "enabled": true,
            "https_only": false,
            "id": "/subscriptions/25401b19-7bb7-436c-9fca-bbac0f4eaf95/resourceGroups/itan-west-europe-resource-group/providers/Microsoft.Web/sites/itan-app-webapi",
            "identity": [],
            "location": "westeurope",
            "logs": [
              {
                "application_logs": [
                  {
                    "azure_blob_storage": []
                  }
                ],
                "http_logs": [
                  {
                    "azure_blob_storage": [],
                    "file_system": []
                  }
                ]
              }
            ],
            "name": "itan-app-webapi",
            "outbound_ip_addresses": "52.174.193.210,52.174.25.82,52.174.193.198,52.174.179.194,52.233.162.224",
            "possible_outbound_ip_addresses": "52.174.193.210,52.174.25.82,52.174.193.198,52.174.179.194,52.233.162.224,51.144.92.140,51.144.97.166",
            "resource_group_name": "itan-west-europe-resource-group",
            "site_config": [
              {
                "always_on": false,
                "app_command_line": "",
                "auto_swap_slot_name": "",
                "cors": [],
                "default_documents": [
                  "Default.htm",
                  "Default.html",
                  "Default.asp",
                  "index.htm",
                  "index.html",
                  "iisstart.htm",
                  "default.aspx",
                  "index.php",
                  "hostingstart.html"
                ],
                "dotnet_framework_version": "v4.0",
                "ftps_state": "AllAllowed",
                "health_check_path": "",
                "http2_enabled": false,
                "ip_restriction": [],
                "java_container": "",
                "java_container_version": "",
                "java_version": "",
                "linux_fx_version": "",
                "local_mysql_enabled": false,
                "managed_pipeline_mode": "Integrated",
                "min_tls_version": "1.2",
                "php_version": "5.6",
                "python_version": "",
                "remote_debugging_enabled": false,
                "remote_debugging_version": "",
                "scm_ip_restriction": [],
                "scm_type": "None",
                "scm_use_main_ip_restriction": false,
                "use_32_bit_worker_process": true,
                "websockets_enabled": false,
                "windows_fx_version": ""
              }
            ],
            "site_credential": [
              {
                "password": "hxxYz24fdu0bQreonmkkE4sLmiNjKgQeBGvwjhEniF7k0LoNtaYwMdBtA0rb",
                "username": "$itan-app-webapi"
              }
            ],
            "source_control": [
              {
                "branch": "master",
                "repo_url": ""
              }
            ],
            "storage_account": [],
            "tags": null,
            "timeouts": null
          },
          "private": "eyJlMmJmYjczMC1lY2FhLTExZTYtOGY4OC0zNDM2M2JjN2M0YzAiOnsiY3JlYXRlIjoxODAwMDAwMDAwMDAwLCJkZWxldGUiOjE4MDAwMDAwMDAwMDAsInJlYWQiOjMwMDAwMDAwMDAwMCwidXBkYXRlIjoxODAwMDAwMDAwMDAwfX0=",
          "dependencies": [
            "azurerm_app_service_plan.itan-app-service-plan",
            "azurerm_resource_group.itan_west_europe_resource_group"
          ]
        }
      ]
    },
    {
      "mode": "managed",
      "type": "azurerm_app_service_plan",
      "name": "itan-app-service-plan",
      "provider": "provider.azurerm",
      "instances": [
        {
          "schema_version": 0,
          "attributes": {
            "app_service_environment_id": "",
            "id": "/subscriptions/25401b19-7bb7-436c-9fca-bbac0f4eaf95/resourceGroups/itan-west-europe-resource-group/providers/Microsoft.Web/serverfarms/itan_app_service_plan",
            "is_xenon": false,
            "kind": "windows",
            "location": "westeurope",
            "maximum_elastic_worker_count": 1,
            "maximum_number_of_workers": 1,
            "name": "itan_app_service_plan",
            "per_site_scaling": false,
            "reserved": false,
            "resource_group_name": "itan-west-europe-resource-group",
            "sku": [
              {
                "capacity": 0,
                "size": "F1",
                "tier": "Free"
              }
            ],
            "tags": null,
            "timeouts": null
          },
          "private": "eyJlMmJmYjczMC1lY2FhLTExZTYtOGY4OC0zNDM2M2JjN2M0YzAiOnsiY3JlYXRlIjozNjAwMDAwMDAwMDAwLCJkZWxldGUiOjM2MDAwMDAwMDAwMDAsInJlYWQiOjMwMDAwMDAwMDAwMCwidXBkYXRlIjozNjAwMDAwMDAwMDAwfX0=",
          "dependencies": [
            "azurerm_resource_group.itan_west_europe_resource_group"
          ]
        }
      ]
    },
    {
      "mode": "managed",
      "type": "azurerm_app_service_plan",
      "name": "itan_app_service_function_plan",
      "provider": "provider.azurerm",
      "instances": [
        {
          "schema_version": 0,
          "attributes": {
            "app_service_environment_id": "",
            "id": "/subscriptions/25401b19-7bb7-436c-9fca-bbac0f4eaf95/resourceGroups/itan-west-europe-resource-group/providers/Microsoft.Web/serverfarms/itan_app_service_function_plan",
            "is_xenon": false,
            "kind": "functionapp",
            "location": "westeurope",
            "maximum_elastic_worker_count": 1,
            "maximum_number_of_workers": 0,
            "name": "itan_app_service_function_plan",
            "per_site_scaling": false,
            "reserved": false,
            "resource_group_name": "itan-west-europe-resource-group",
            "sku": [
              {
                "capacity": 0,
                "size": "Y1",
                "tier": "Dynamic"
              }
            ],
            "tags": null,
            "timeouts": null
          },
          "private": "eyJlMmJmYjczMC1lY2FhLTExZTYtOGY4OC0zNDM2M2JjN2M0YzAiOnsiY3JlYXRlIjozNjAwMDAwMDAwMDAwLCJkZWxldGUiOjM2MDAwMDAwMDAwMDAsInJlYWQiOjMwMDAwMDAwMDAwMCwidXBkYXRlIjozNjAwMDAwMDAwMDAwfX0=",
          "dependencies": [
            "azurerm_resource_group.itan_west_europe_resource_group"
          ]
        }
      ]
    },
    {
      "mode": "managed",
      "type": "azurerm_key_vault",
      "name": "itan-key-vault",
      "provider": "provider.azurerm",
      "instances": [
        {
          "schema_version": 1,
          "attributes": {
            "access_policy": [
              {
                "application_id": "",
                "certificate_permissions": null,
                "key_permissions": null,
                "object_id": "65748239-c3de-4eaf-9379-ef295093119e",
                "secret_permissions": [
                  "get",
                  "list",
                  "set",
                  "delete",
                  "purge"
                ],
                "storage_permissions": null,
                "tenant_id": "3408b585-a1ca-41d4-ae2f-ea3ea685223f"
              }
            ],
            "enabled_for_deployment": false,
            "enabled_for_disk_encryption": false,
            "enabled_for_template_deployment": false,
            "id": "/subscriptions/25401b19-7bb7-436c-9fca-bbac0f4eaf95/resourceGroups/itan-west-europe-resource-group/providers/Microsoft.KeyVault/vaults/itan-key-vault-2",
            "location": "westeurope",
            "name": "itan-key-vault-2",
            "network_acls": [
              {
                "bypass": "AzureServices",
                "default_action": "Allow",
                "ip_rules": [],
                "virtual_network_subnet_ids": []
              }
            ],
            "purge_protection_enabled": false,
            "resource_group_name": "itan-west-europe-resource-group",
            "sku_name": "standard",
            "soft_delete_enabled": false,
            "tags": null,
            "tenant_id": "3408b585-a1ca-41d4-ae2f-ea3ea685223f",
            "timeouts": null,
            "vault_uri": "https://itan-key-vault-2.vault.azure.net/"
          },
          "private": "eyJlMmJmYjczMC1lY2FhLTExZTYtOGY4OC0zNDM2M2JjN2M0YzAiOnsiY3JlYXRlIjoxODAwMDAwMDAwMDAwLCJkZWxldGUiOjE4MDAwMDAwMDAwMDAsInJlYWQiOjMwMDAwMDAwMDAwMCwidXBkYXRlIjoxODAwMDAwMDAwMDAwfSwic2NoZW1hX3ZlcnNpb24iOiIxIn0=",
          "dependencies": [
            "azurerm_resource_group.itan_west_europe_resource_group"
          ]
        }
      ]
    },
    {
      "mode": "managed",
      "type": "azurerm_key_vault_secret",
      "name": "clientid",
      "provider": "provider.azurerm",
      "instances": [
        {
          "schema_version": 0,
          "attributes": {
            "content_type": "",
            "expiration_date": null,
            "id": "https://itan-key-vault-2.vault.azure.net/secrets/clientid/d3f6915018d44d7d9afb005d80deee99",
            "key_vault_id": "/subscriptions/25401b19-7bb7-436c-9fca-bbac0f4eaf95/resourceGroups/itan-west-europe-resource-group/providers/Microsoft.KeyVault/vaults/itan-key-vault-2",
            "name": "clientid",
            "not_before_date": null,
            "tags": null,
            "timeouts": null,
            "value": "13afb1a0-f5c4-45f7-aba9-0966d1e3f946",
            "version": "d3f6915018d44d7d9afb005d80deee99"
          },
          "private": "eyJlMmJmYjczMC1lY2FhLTExZTYtOGY4OC0zNDM2M2JjN2M0YzAiOnsiY3JlYXRlIjoxODAwMDAwMDAwMDAwLCJkZWxldGUiOjE4MDAwMDAwMDAwMDAsInJlYWQiOjMwMDAwMDAwMDAwMCwidXBkYXRlIjoxODAwMDAwMDAwMDAwfX0=",
          "dependencies": [
            "azuread_application.example",
            "azurerm_key_vault.itan-key-vault",
            "azurerm_resource_group.itan_west_europe_resource_group"
          ]
        }
      ]
    },
    {
      "mode": "managed",
      "type": "azurerm_key_vault_secret",
      "name": "itan-secret-client-policy",
      "provider": "provider.azurerm",
      "instances": [
        {
          "schema_version": 0,
          "attributes": {
            "content_type": "",
            "expiration_date": null,
            "id": "https://itan-key-vault-2.vault.azure.net/secrets/AzureAdB2C--Policy/a2fcb9a20a5d458c8b7abf38d5145b65",
            "key_vault_id": "/subscriptions/25401b19-7bb7-436c-9fca-bbac0f4eaf95/resourceGroups/itan-west-europe-resource-group/providers/Microsoft.KeyVault/vaults/itan-key-vault-2",
            "name": "AzureAdB2C--Policy",
            "not_before_date": null,
            "tags": null,
            "timeouts": null,
            "value": "B2C_1_itansignup",
            "version": "a2fcb9a20a5d458c8b7abf38d5145b65"
          },
          "private": "eyJlMmJmYjczMC1lY2FhLTExZTYtOGY4OC0zNDM2M2JjN2M0YzAiOnsiY3JlYXRlIjoxODAwMDAwMDAwMDAwLCJkZWxldGUiOjE4MDAwMDAwMDAwMDAsInJlYWQiOjMwMDAwMDAwMDAwMCwidXBkYXRlIjoxODAwMDAwMDAwMDAwfX0=",
          "dependencies": [
            "azurerm_key_vault.itan-key-vault",
            "azurerm_resource_group.itan_west_europe_resource_group"
          ]
        }
      ]
    },
    {
      "mode": "managed",
      "type": "azurerm_key_vault_secret",
      "name": "itan-secret-emulator",
      "provider": "provider.azurerm",
      "instances": [
        {
          "schema_version": 0,
          "attributes": {
            "content_type": "",
            "expiration_date": null,
            "id": "https://itan-key-vault-2.vault.azure.net/secrets/ConnectionStrings--emulator/3989ff72fb4c4599942f647050e7f8d8",
            "key_vault_id": "/subscriptions/25401b19-7bb7-436c-9fca-bbac0f4eaf95/resourceGroups/itan-west-europe-resource-group/providers/Microsoft.KeyVault/vaults/itan-key-vault-2",
            "name": "ConnectionStrings--emulator",
            "not_before_date": null,
            "tags": null,
            "timeouts": null,
            "value": "AccountName=devstoreaccount1;AccountKey=Eby8vdM02xNOcqFlqUwJPLlmEtlCDXJ1OUzFT50uSRZ6IFsuFq2UVErCz4I6tq/K1SZFPTOtr/KBHBeksoGMGw==;DefaultEndpointsProtocol=http;BlobEndpoint=http://127.0.0.1:10000/devstoreaccount1;QueueEndpoint=http://127.0.0.1:10001/devstoreaccount1;TableEndpoint=http://127.0.0.1:10002/devstoreaccount1;",
            "version": "3989ff72fb4c4599942f647050e7f8d8"
          },
          "private": "eyJlMmJmYjczMC1lY2FhLTExZTYtOGY4OC0zNDM2M2JjN2M0YzAiOnsiY3JlYXRlIjoxODAwMDAwMDAwMDAwLCJkZWxldGUiOjE4MDAwMDAwMDAwMDAsInJlYWQiOjMwMDAwMDAwMDAwMCwidXBkYXRlIjoxODAwMDAwMDAwMDAwfX0=",
          "dependencies": [
            "azurerm_key_vault.itan-key-vault",
            "azurerm_resource_group.itan_west_europe_resource_group"
          ]
        }
      ]
    },
    {
      "mode": "managed",
      "type": "azurerm_key_vault_secret",
      "name": "itan-secret-scope-read",
      "provider": "provider.azurerm",
      "instances": [
        {
          "schema_version": 0,
          "attributes": {
            "content_type": "",
            "expiration_date": null,
            "id": "https://itan-key-vault-2.vault.azure.net/secrets/AzureAdB2C--ScopeRead/4abce2395d0048f6840bc2bc222310be",
            "key_vault_id": "/subscriptions/25401b19-7bb7-436c-9fca-bbac0f4eaf95/resourceGroups/itan-west-europe-resource-group/providers/Microsoft.KeyVault/vaults/itan-key-vault-2",
            "name": "AzureAdB2C--ScopeRead",
            "not_before_date": null,
            "tags": null,
            "timeouts": null,
            "value": "application-reader-2",
            "version": "4abce2395d0048f6840bc2bc222310be"
          },
          "private": "eyJlMmJmYjczMC1lY2FhLTExZTYtOGY4OC0zNDM2M2JjN2M0YzAiOnsiY3JlYXRlIjoxODAwMDAwMDAwMDAwLCJkZWxldGUiOjE4MDAwMDAwMDAwMDAsInJlYWQiOjMwMDAwMDAwMDAwMCwidXBkYXRlIjoxODAwMDAwMDAwMDAwfX0=",
          "dependencies": [
            "azurerm_key_vault.itan-key-vault",
            "azurerm_resource_group.itan_west_europe_resource_group"
          ]
        }
      ]
    },
    {
      "mode": "managed",
      "type": "azurerm_key_vault_secret",
      "name": "itan-secret-scope-write",
      "provider": "provider.azurerm",
      "instances": [
        {
          "schema_version": 0,
          "attributes": {
            "content_type": "",
            "expiration_date": null,
            "id": "https://itan-key-vault-2.vault.azure.net/secrets/AzureAdB2C--ScopeWrite/7baa3716e3824bff94aa2490fa860c46",
            "key_vault_id": "/subscriptions/25401b19-7bb7-436c-9fca-bbac0f4eaf95/resourceGroups/itan-west-europe-resource-group/providers/Microsoft.KeyVault/vaults/itan-key-vault-2",
            "name": "AzureAdB2C--ScopeWrite",
            "not_before_date": null,
            "tags": null,
            "timeouts": null,
            "value": "application-writer-2",
            "version": "7baa3716e3824bff94aa2490fa860c46"
          },
          "private": "eyJlMmJmYjczMC1lY2FhLTExZTYtOGY4OC0zNDM2M2JjN2M0YzAiOnsiY3JlYXRlIjoxODAwMDAwMDAwMDAwLCJkZWxldGUiOjE4MDAwMDAwMDAwMDAsInJlYWQiOjMwMDAwMDAwMDAwMCwidXBkYXRlIjoxODAwMDAwMDAwMDAwfX0=",
          "dependencies": [
            "azurerm_key_vault.itan-key-vault",
            "azurerm_resource_group.itan_west_europe_resource_group"
          ]
        }
      ]
    },
    {
      "mode": "managed",
      "type": "azurerm_key_vault_secret",
      "name": "itan-secret-sql-reader",
      "provider": "provider.azurerm",
      "instances": [
        {
          "schema_version": 0,
          "attributes": {
            "content_type": "",
            "expiration_date": null,
            "id": "https://itan-key-vault-2.vault.azure.net/secrets/ConnectionStrings--SqlReader/b1a198ae4adc463194fb8ba4165ccb3a",
            "key_vault_id": "/subscriptions/25401b19-7bb7-436c-9fca-bbac0f4eaf95/resourceGroups/itan-west-europe-resource-group/providers/Microsoft.KeyVault/vaults/itan-key-vault-2",
            "name": "ConnectionStrings--SqlReader",
            "not_before_date": null,
            "tags": null,
            "timeouts": null,
            "value": "server=.;database=itan;User Id=itanreaduser;password=12qw!@QW",
            "version": "b1a198ae4adc463194fb8ba4165ccb3a"
          },
          "private": "eyJlMmJmYjczMC1lY2FhLTExZTYtOGY4OC0zNDM2M2JjN2M0YzAiOnsiY3JlYXRlIjoxODAwMDAwMDAwMDAwLCJkZWxldGUiOjE4MDAwMDAwMDAwMDAsInJlYWQiOjMwMDAwMDAwMDAwMCwidXBkYXRlIjoxODAwMDAwMDAwMDAwfX0=",
          "dependencies": [
            "azurerm_key_vault.itan-key-vault",
            "azurerm_resource_group.itan_west_europe_resource_group"
          ]
        }
      ]
    },
    {
      "mode": "managed",
      "type": "azurerm_key_vault_secret",
      "name": "itan-secret-sql-writer",
      "provider": "provider.azurerm",
      "instances": [
        {
          "schema_version": 0,
          "attributes": {
            "content_type": "",
            "expiration_date": null,
            "id": "https://itan-key-vault-2.vault.azure.net/secrets/ConnectionStrings--SqlWriter/94961f22a82c40688230ba06545b5198",
            "key_vault_id": "/subscriptions/25401b19-7bb7-436c-9fca-bbac0f4eaf95/resourceGroups/itan-west-europe-resource-group/providers/Microsoft.KeyVault/vaults/itan-key-vault-2",
            "name": "ConnectionStrings--SqlWriter",
            "not_before_date": null,
            "tags": null,
            "timeouts": null,
            "value": "server=.;database=itan;User Id=itanwriteuser;password=12qw!@QW",
            "version": "94961f22a82c40688230ba06545b5198"
          },
          "private": "eyJlMmJmYjczMC1lY2FhLTExZTYtOGY4OC0zNDM2M2JjN2M0YzAiOnsiY3JlYXRlIjoxODAwMDAwMDAwMDAwLCJkZWxldGUiOjE4MDAwMDAwMDAwMDAsInJlYWQiOjMwMDAwMDAwMDAwMCwidXBkYXRlIjoxODAwMDAwMDAwMDAwfX0=",
          "dependencies": [
            "azurerm_key_vault.itan-key-vault",
            "azurerm_resource_group.itan_west_europe_resource_group"
          ]
        }
      ]
    },
    {
      "mode": "managed",
      "type": "azurerm_key_vault_secret",
      "name": "itan-secret-tenant",
      "provider": "provider.azurerm",
      "instances": [
        {
          "schema_version": 0,
          "attributes": {
            "content_type": "",
            "expiration_date": null,
            "id": "https://itan-key-vault-2.vault.azure.net/secrets/AzureAdB2C--Tenant/04eb198cae384454a282d49accaa42a3",
            "key_vault_id": "/subscriptions/25401b19-7bb7-436c-9fca-bbac0f4eaf95/resourceGroups/itan-west-europe-resource-group/providers/Microsoft.KeyVault/vaults/itan-key-vault-2",
            "name": "AzureAdB2C--Tenant",
            "not_before_date": null,
            "tags": null,
            "timeouts": null,
            "value": "3408b585-a1ca-41d4-ae2f-ea3ea685223f",
            "version": "04eb198cae384454a282d49accaa42a3"
          },
          "private": "eyJlMmJmYjczMC1lY2FhLTExZTYtOGY4OC0zNDM2M2JjN2M0YzAiOnsiY3JlYXRlIjoxODAwMDAwMDAwMDAwLCJkZWxldGUiOjE4MDAwMDAwMDAwMDAsInJlYWQiOjMwMDAwMDAwMDAwMCwidXBkYXRlIjoxODAwMDAwMDAwMDAwfX0=",
          "dependencies": [
            "azurerm_key_vault.itan-key-vault",
            "azurerm_resource_group.itan_west_europe_resource_group"
          ]
        }
      ]
    },
    {
      "mode": "managed",
      "type": "azurerm_resource_group",
      "name": "itan_west_europe_resource_group",
      "provider": "provider.azurerm",
      "instances": [
        {
          "schema_version": 0,
          "attributes": {
            "id": "/subscriptions/25401b19-7bb7-436c-9fca-bbac0f4eaf95/resourceGroups/itan-west-europe-resource-group",
            "location": "westeurope",
            "name": "itan-west-europe-resource-group",
            "tags": null,
            "timeouts": null
          },
          "private": "eyJlMmJmYjczMC1lY2FhLTExZTYtOGY4OC0zNDM2M2JjN2M0YzAiOnsiY3JlYXRlIjo1NDAwMDAwMDAwMDAwLCJkZWxldGUiOjU0MDAwMDAwMDAwMDAsInJlYWQiOjMwMDAwMDAwMDAwMCwidXBkYXRlIjo1NDAwMDAwMDAwMDAwfX0="
        }
      ]
    },
    {
      "mode": "managed",
      "type": "azurerm_storage_account",
      "name": "itan_storage_account",
      "provider": "provider.azurerm",
      "instances": [
        {
          "schema_version": 2,
          "attributes": {
            "access_tier": "Hot",
            "account_kind": "StorageV2",
            "account_replication_type": "LRS",
            "account_tier": "Standard",
            "allow_blob_public_access": true,
            "blob_properties": [],
            "custom_domain": [],
            "enable_https_traffic_only": true,
            "id": "/subscriptions/25401b19-7bb7-436c-9fca-bbac0f4eaf95/resourceGroups/itan-west-europe-resource-group/providers/Microsoft.Storage/storageAccounts/itanstorageaccount",
            "identity": [],
            "is_hns_enabled": false,
            "location": "westeurope",
            "name": "itanstorageaccount",
            "network_rules": [
              {
                "bypass": [
                  "AzureServices"
                ],
                "default_action": "Allow",
                "ip_rules": [],
                "virtual_network_subnet_ids": []
              }
            ],
            "primary_access_key": "WU4cmrol9rQvZB28v1WgMHbKAWFivmJAR7eo887wkIzIHaNP5Kn9BCk9ZHufAs/zZVaru5Txq4UTF6aBVs6eag==",
            "primary_blob_connection_string": "DefaultEndpointsProtocol=https;BlobEndpoint=https://itanstorageaccount.blob.core.windows.net/;AccountName=itanstorageaccount;AccountKey=WU4cmrol9rQvZB28v1WgMHbKAWFivmJAR7eo887wkIzIHaNP5Kn9BCk9ZHufAs/zZVaru5Txq4UTF6aBVs6eag==",
            "primary_blob_endpoint": "https://itanstorageaccount.blob.core.windows.net/",
            "primary_blob_host": "itanstorageaccount.blob.core.windows.net",
            "primary_connection_string": "DefaultEndpointsProtocol=https;AccountName=itanstorageaccount;AccountKey=WU4cmrol9rQvZB28v1WgMHbKAWFivmJAR7eo887wkIzIHaNP5Kn9BCk9ZHufAs/zZVaru5Txq4UTF6aBVs6eag==;EndpointSuffix=core.windows.net",
            "primary_dfs_endpoint": "https://itanstorageaccount.dfs.core.windows.net/",
            "primary_dfs_host": "itanstorageaccount.dfs.core.windows.net",
            "primary_file_endpoint": "https://itanstorageaccount.file.core.windows.net/",
            "primary_file_host": "itanstorageaccount.file.core.windows.net",
            "primary_location": "westeurope",
            "primary_queue_endpoint": "https://itanstorageaccount.queue.core.windows.net/",
            "primary_queue_host": "itanstorageaccount.queue.core.windows.net",
            "primary_table_endpoint": "https://itanstorageaccount.table.core.windows.net/",
            "primary_table_host": "itanstorageaccount.table.core.windows.net",
            "primary_web_endpoint": "https://itanstorageaccount.z6.web.core.windows.net/",
            "primary_web_host": "itanstorageaccount.z6.web.core.windows.net",
            "queue_properties": [
              {
                "cors_rule": [],
                "hour_metrics": [
                  {
                    "enabled": true,
                    "include_apis": true,
                    "retention_policy_days": 7,
                    "version": "1.0"
                  }
                ],
                "logging": [
                  {
                    "delete": false,
                    "read": false,
                    "retention_policy_days": 0,
                    "version": "1.0",
                    "write": false
                  }
                ],
                "minute_metrics": [
                  {
                    "enabled": false,
                    "include_apis": false,
                    "retention_policy_days": 0,
                    "version": "1.0"
                  }
                ]
              }
            ],
            "resource_group_name": "itan-west-europe-resource-group",
            "secondary_access_key": "jyonM7JDC4HtM5qfgMSiTZtYHRxiBUGLVDmr/UdSf0BW04YSiQDXRBx6NHW/Ccxs86QMb30WZ0IqGAX3GFXAaQ==",
            "secondary_blob_connection_string": "",
            "secondary_blob_endpoint": null,
            "secondary_blob_host": null,
            "secondary_connection_string": "DefaultEndpointsProtocol=https;AccountName=itanstorageaccount;AccountKey=jyonM7JDC4HtM5qfgMSiTZtYHRxiBUGLVDmr/UdSf0BW04YSiQDXRBx6NHW/Ccxs86QMb30WZ0IqGAX3GFXAaQ==;EndpointSuffix=core.windows.net",
            "secondary_dfs_endpoint": null,
            "secondary_dfs_host": null,
            "secondary_file_endpoint": null,
            "secondary_file_host": null,
            "secondary_location": "",
            "secondary_queue_endpoint": null,
            "secondary_queue_host": null,
            "secondary_table_endpoint": null,
            "secondary_table_host": null,
            "secondary_web_endpoint": null,
            "secondary_web_host": null,
            "static_website": [],
            "tags": null,
            "timeouts": null
          },
          "private": "eyJlMmJmYjczMC1lY2FhLTExZTYtOGY4OC0zNDM2M2JjN2M0YzAiOnsiY3JlYXRlIjozNjAwMDAwMDAwMDAwLCJkZWxldGUiOjM2MDAwMDAwMDAwMDAsInJlYWQiOjMwMDAwMDAwMDAwMCwidXBkYXRlIjozNjAwMDAwMDAwMDAwfSwic2NoZW1hX3ZlcnNpb24iOiIyIn0=",
          "dependencies": [
            "azurerm_resource_group.itan_west_europe_resource_group"
          ]
        }
      ]
    },
    {
      "mode": "managed",
      "type": "azurerm_storage_container",
      "name": "itan-storage-container",
      "provider": "provider.azurerm",
      "instances": [
        {
          "schema_version": 1,
          "attributes": {
            "container_access_type": "private",
            "has_immutability_policy": false,
            "has_legal_hold": false,
            "id": "https://itanstorageaccount.blob.core.windows.net/itan-blob-container",
            "metadata": {},
            "name": "itan-blob-container",
            "resource_manager_id": "/subscriptions/25401b19-7bb7-436c-9fca-bbac0f4eaf95/resourceGroups/itan-west-europe-resource-group/providers/Microsoft.Storage/storageAccounts/itanstorageaccount/blobServices/default/containers/itan-blob-container",
            "storage_account_name": "itanstorageaccount",
            "timeouts": null
          },
          "private": "eyJlMmJmYjczMC1lY2FhLTExZTYtOGY4OC0zNDM2M2JjN2M0YzAiOnsiY3JlYXRlIjoxODAwMDAwMDAwMDAwLCJkZWxldGUiOjE4MDAwMDAwMDAwMDAsInJlYWQiOjMwMDAwMDAwMDAwMCwidXBkYXRlIjoxODAwMDAwMDAwMDAwfSwic2NoZW1hX3ZlcnNpb24iOiIxIn0=",
          "dependencies": [
            "azurerm_resource_group.itan_west_europe_resource_group",
            "azurerm_storage_account.itan_storage_account"
          ]
        }
      ]
    },
    {
      "mode": "managed",
      "type": "azurerm_storage_queue",
      "name": "itan-queue-channel-to-download",
      "provider": "provider.azurerm",
      "instances": [
        {
          "schema_version": 1,
          "attributes": {
            "id": "https://itanstorageaccount.queue.core.windows.net/channel-to-download",
            "metadata": null,
            "name": "channel-to-download",
            "storage_account_name": "itanstorageaccount",
            "timeouts": null
          },
          "private": "eyJlMmJmYjczMC1lY2FhLTExZTYtOGY4OC0zNDM2M2JjN2M0YzAiOnsiY3JlYXRlIjoxODAwMDAwMDAwMDAwLCJkZWxldGUiOjE4MDAwMDAwMDAwMDAsInJlYWQiOjMwMDAwMDAwMDAwMCwidXBkYXRlIjoxODAwMDAwMDAwMDAwfSwic2NoZW1hX3ZlcnNpb24iOiIxIn0=",
          "dependencies": [
            "azurerm_resource_group.itan_west_europe_resource_group",
            "azurerm_storage_account.itan_storage_account"
          ]
        }
      ]
    },
    {
      "mode": "managed",
      "type": "azurerm_storage_queue",
      "name": "itan-queue-channel-update",
      "provider": "provider.azurerm",
      "instances": [
        {
          "schema_version": 1,
          "attributes": {
            "id": "https://itanstorageaccount.queue.core.windows.net/channel-update",
            "metadata": null,
            "name": "channel-update",
            "storage_account_name": "itanstorageaccount",
            "timeouts": null
          },
          "private": "eyJlMmJmYjczMC1lY2FhLTExZTYtOGY4OC0zNDM2M2JjN2M0YzAiOnsiY3JlYXRlIjoxODAwMDAwMDAwMDAwLCJkZWxldGUiOjE4MDAwMDAwMDAwMDAsInJlYWQiOjMwMDAwMDAwMDAwMCwidXBkYXRlIjoxODAwMDAwMDAwMDAwfSwic2NoZW1hX3ZlcnNpb24iOiIxIn0=",
          "dependencies": [
            "azurerm_resource_group.itan_west_europe_resource_group",
            "azurerm_storage_account.itan_storage_account"
          ]
        }
      ]
    }
  ]
}
