{
  "version": 4,
  "terraform_version": "0.12.28",
  "serial": 6,
  "lineage": "3c86e9a4-c40c-d62f-4a4c-e0f1257e4efa",
  "outputs": {},
  "resources": [
    {
      "mode": "managed",
      "type": "azurerm_app_service_plan",
      "name": "itan-app-service-plan",
      "provider": "provider.azurerm",
      "instances": [
        {
          "schema_version": 0,
          "attributes": {
            "app_service_environment_id": null,
            "id": "/subscriptions/25401b19-7bb7-436c-9fca-bbac0f4eaf95/resourceGroups/itan-west-europe-resource-group/providers/Microsoft.Web/serverfarms/itan-app-service-plan",
            "is_xenon": false,
            "kind": "Windows",
            "location": "westeurope",
            "maximum_elastic_worker_count": 1,
            "maximum_number_of_workers": 1,
            "name": "itan-app-service-plan",
            "per_site_scaling": false,
            "properties": [
              {
                "app_service_environment_id": "",
                "per_site_scaling": false,
                "reserved": false
              }
            ],
            "reserved": false,
            "resource_group_name": "itan-west-europe-resource-group",
            "sku": [
              {
                "capacity": 0,
                "size": "F1",
                "tier": "Free"
              }
            ],
            "tags": {}
          },
          "private": "bnVsbA==",
          "dependencies": [
            "azurerm_resource_group.itan-west-europe-resource-group"
          ]
        }
      ]
    },
    {
      "mode": "managed",
      "type": "azurerm_resource_group",
      "name": "itan-west-europe-resource-group",
      "provider": "provider.azurerm",
      "instances": [
        {
          "schema_version": 0,
          "attributes": {
            "id": "/subscriptions/25401b19-7bb7-436c-9fca-bbac0f4eaf95/resourceGroups/itan-west-europe-resource-group",
            "location": "westeurope",
            "name": "itan-west-europe-resource-group",
            "tags": {}
          }
        }
      ]
    }
  ]
}
